// !$*UTF8*$!
{
	archiveVersion = 1;
	classes = {
	};
	objectVersion = 77;
	objects = {

/* Begin PBXBuildFile section */
		1225911955FF43962CE450E9 /* ChatGPTDemoApp.swift in Sources */ = {isa = PBXBuildFile; fileRef = E529E16E4C455441541B8456 /* ChatGPTDemoApp.swift */; };
		13F9D55208801A7AA5B59E58 /* ChatGPTDemoWidgets.appex in Embed Foundation Extensions */ = {isa = PBXBuildFile; fileRef = F0033F5B52B3A7E780140161 /* ChatGPTDemoWidgets.appex */; settings = {ATTRIBUTES = (RemoveHeadersOnCopy, ); }; };
		277913D01B8918C055B5BE59 /* ChatGPTDemoWidgets.swift in Sources */ = {isa = PBXBuildFile; fileRef = 004E68CA5A91AA981B95AFDB /* ChatGPTDemoWidgets.swift */; };
		62644479C4299984263986B1 /* GalleryAssets.xcassets in Resources */ = {isa = PBXBuildFile; fileRef = BC151B93F6AD6D354D397619 /* GalleryAssets.xcassets */; };
		678CAC049D3C66A33E86F7C3 /* ChatGPTWidgets in Frameworks */ = {isa = PBXBuildFile; productRef = B43027D0097DD05184CEA00B /* ChatGPTWidgets */; };
		985DDF92714CF506D3E3B7CA /* ChatGPTWidgets in Frameworks */ = {isa = PBXBuildFile; productRef = 5BE1B23B74D713A4B92D6043 /* ChatGPTWidgets */; };
		9CD3D81A7EA280A8A1AC0EC4 /* ChatGPTUI in Frameworks */ = {isa = PBXBuildFile; productRef = 6DF3639BA3D92E43CD655115 /* ChatGPTUI */; };
		FD1BA4B9DD724C1310C64ED7 /* ChatFlowTests.swift in Sources */ = {isa = PBXBuildFile; fileRef = E79D5B36397EDF3323BDC340 /* ChatFlowTests.swift */; };
/* End PBXBuildFile section */

/* Begin PBXContainerItemProxy section */
		15E5B635F02AE342FC9B96D1 /* PBXContainerItemProxy */ = {
			isa = PBXContainerItemProxy;
			containerPortal = 3D7E1D887F08E6CC954E91C9 /* Project object */;
			proxyType = 1;
			remoteGlobalIDString = 829D86334C0F5D554F3C16EA;
			remoteInfo = ChatGPTDemoWidgets;
		};
		1685692C445C024C74E4A9A9 /* PBXContainerItemProxy */ = {
			isa = PBXContainerItemProxy;
			containerPortal = 3D7E1D887F08E6CC954E91C9 /* Project object */;
			proxyType = 1;
			remoteGlobalIDString = D104016E4780F49AF6BB1B8C;
			remoteInfo = ChatGPTUIDemo;
		};
/* End PBXContainerItemProxy section */

/* Begin PBXCopyFilesBuildPhase section */
		B4B9C0CB24FC18C37E94068E /* Embed Foundation Extensions */ = {
			isa = PBXCopyFilesBuildPhase;
			buildActionMask = 2147483647;
			dstPath = "";
			dstSubfolderSpec = 13;
			files = (
				13F9D55208801A7AA5B59E58 /* ChatGPTDemoWidgets.appex in Embed Foundation Extensions */,
			);
			name = "Embed Foundation Extensions";
			runOnlyForDeploymentPostprocessing = 0;
		};
/* End PBXCopyFilesBuildPhase section */

/* Begin PBXFileReference section */
		004E68CA5A91AA981B95AFDB /* ChatGPTDemoWidgets.swift */ = {isa = PBXFileReference; lastKnownFileType = sourcecode.swift; path = ChatGPTDemoWidgets.swift; sourceTree = "<group>"; };
		678A15FCC245E281B0935DC7 /* chatgpt-ios-ui */ = {isa = PBXFileReference; lastKnownFileType = folder; name = "chatgpt-ios-ui"; path = .; sourceTree = SOURCE_ROOT; };
		7066D66604B53ECBDC1CC493 /* ChatGPTUIDemo.app */ = {isa = PBXFileReference; includeInIndex = 0; lastKnownFileType = wrapper.application; path = ChatGPTUIDemo.app; sourceTree = BUILT_PRODUCTS_DIR; };
		A6F3E10553E3B547F3B7A38F /* ChatGPTUIDemoUITests.xctest */ = {isa = PBXFileReference; includeInIndex = 0; lastKnownFileType = wrapper.cfbundle; path = ChatGPTUIDemoUITests.xctest; sourceTree = BUILT_PRODUCTS_DIR; };
		BC151B93F6AD6D354D397619 /* GalleryAssets.xcassets */ = {isa = PBXFileReference; lastKnownFileType = folder.assetcatalog; path = GalleryAssets.xcassets; sourceTree = "<group>"; };
		D075772BD4626845061484DD /* Info.plist */ = {isa = PBXFileReference; lastKnownFileType = text.plist; path = Info.plist; sourceTree = "<group>"; };
		E529E16E4C455441541B8456 /* ChatGPTDemoApp.swift */ = {isa = PBXFileReference; lastKnownFileType = sourcecode.swift; path = ChatGPTDemoApp.swift; sourceTree = "<group>"; };
		E79D5B36397EDF3323BDC340 /* ChatFlowTests.swift */ = {isa = PBXFileReference; lastKnownFileType = sourcecode.swift; path = ChatFlowTests.swift; sourceTree = "<group>"; };
		F0033F5B52B3A7E780140161 /* ChatGPTDemoWidgets.appex */ = {isa = PBXFileReference; includeInIndex = 0; lastKnownFileType = "wrapper.app-extension"; path = ChatGPTDemoWidgets.appex; sourceTree = BUILT_PRODUCTS_DIR; };
		FC96F05DA9821E63E2834302 /* Info.plist */ = {isa = PBXFileReference; lastKnownFileType = text.plist; path = Info.plist; sourceTree = "<group>"; };
/* End PBXFileReference section */

/* Begin PBXFrameworksBuildPhase section */
		077B27F0401C06C277FD2878 /* Frameworks */ = {
			isa = PBXFrameworksBuildPhase;
			buildActionMask = 2147483647;
			files = (
				985DDF92714CF506D3E3B7CA /* ChatGPTWidgets in Frameworks */,
			);
			runOnlyForDeploymentPostprocessing = 0;
		};
		8FC8BE996A61246FEF8916A1 /* Frameworks */ = {
			isa = PBXFrameworksBuildPhase;
			buildActionMask = 2147483647;
			files = (
				9CD3D81A7EA280A8A1AC0EC4 /* ChatGPTUI in Frameworks */,
				678CAC049D3C66A33E86F7C3 /* ChatGPTWidgets in Frameworks */,
			);
			runOnlyForDeploymentPostprocessing = 0;
		};
/* End PBXFrameworksBuildPhase section */

/* Begin PBXGroup section */
		17E9D188CDF7F2D840173F41 /* WidgetDemo */ = {
			isa = PBXGroup;
			children = (
				004E68CA5A91AA981B95AFDB /* ChatGPTDemoWidgets.swift */,
				FC96F05DA9821E63E2834302 /* Info.plist */,
			);
			path = WidgetDemo;
			sourceTree = "<group>";
		};
		3A5F43CBA3D26078B0E6977A /* Products */ = {
			isa = PBXGroup;
			children = (
				F0033F5B52B3A7E780140161 /* ChatGPTDemoWidgets.appex */,
				7066D66604B53ECBDC1CC493 /* ChatGPTUIDemo.app */,
				A6F3E10553E3B547F3B7A38F /* ChatGPTUIDemoUITests.xctest */,
			);
			name = Products;
			sourceTree = "<group>";
		};
		582A12D8516CEBCBB9807061 /* Demo */ = {
			isa = PBXGroup;
			children = (
				E529E16E4C455441541B8456 /* ChatGPTDemoApp.swift */,
				BC151B93F6AD6D354D397619 /* GalleryAssets.xcassets */,
				D075772BD4626845061484DD /* Info.plist */,
			);
			path = Demo;
			sourceTree = "<group>";
		};
		638FC0DC6C254261267F0E75 = {
			isa = PBXGroup;
			children = (
				582A12D8516CEBCBB9807061 /* Demo */,
				8EFC973F267F35BDF2F14994 /* DemoUITests */,
				E9C3883FFE01F4F1320DF4B2 /* Packages */,
				17E9D188CDF7F2D840173F41 /* WidgetDemo */,
				3A5F43CBA3D26078B0E6977A /* Products */,
			);
			sourceTree = "<group>";
		};
		8EFC973F267F35BDF2F14994 /* DemoUITests */ = {
			isa = PBXGroup;
			children = (
				E79D5B36397EDF3323BDC340 /* ChatFlowTests.swift */,
			);
			path = DemoUITests;
			sourceTree = "<group>";
		};
		E9C3883FFE01F4F1320DF4B2 /* Packages */ = {
			isa = PBXGroup;
			children = (
				678A15FCC245E281B0935DC7 /* chatgpt-ios-ui */,
			);
			name = Packages;
			sourceTree = "<group>";
		};
/* End PBXGroup section */

/* Begin PBXNativeTarget section */
		829D86334C0F5D554F3C16EA /* ChatGPTDemoWidgets */ = {
			isa = PBXNativeTarget;
			buildConfigurationList = E5286A640D22BA8F7D2D6E33 /* Build configuration list for PBXNativeTarget "ChatGPTDemoWidgets" */;
			buildPhases = (
				6D8175CB378605105ED4A21F /* Sources */,
				077B27F0401C06C277FD2878 /* Frameworks */,
			);
			buildRules = (
			);
			dependencies = (
			);
			name = ChatGPTDemoWidgets;
			packageProductDependencies = (
				5BE1B23B74D713A4B92D6043 /* ChatGPTWidgets */,
			);
			productName = ChatGPTDemoWidgets;
			productReference = F0033F5B52B3A7E780140161 /* ChatGPTDemoWidgets.appex */;
			productType = "com.apple.product-type.app-extension";
		};
		9BA2F0570855905116F60081 /* ChatGPTUIDemoUITests */ = {
			isa = PBXNativeTarget;
			buildConfigurationList = 2DFCE294752AF436427F5525 /* Build configuration list for PBXNativeTarget "ChatGPTUIDemoUITests" */;
			buildPhases = (
				8D1517E27CCF71A14D0B89A3 /* Sources */,
			);
			buildRules = (
			);
			dependencies = (
				D9E3B50DF3641605380F71C7 /* PBXTargetDependency */,
			);
			name = ChatGPTUIDemoUITests;
			packageProductDependencies = (
			);
			productName = ChatGPTUIDemoUITests;
			productReference = A6F3E10553E3B547F3B7A38F /* ChatGPTUIDemoUITests.xctest */;
			productType = "com.apple.product-type.bundle.ui-testing";
		};
		D104016E4780F49AF6BB1B8C /* ChatGPTUIDemo */ = {
			isa = PBXNativeTarget;
			buildConfigurationList = 6EE731474E6E636AC36C3F48 /* Build configuration list for PBXNativeTarget "ChatGPTUIDemo" */;
			buildPhases = (
				B546EE5A4C34984712E671E7 /* Sources */,
				EAD62AAAFE71879926C74350 /* Resources */,
				8FC8BE996A61246FEF8916A1 /* Frameworks */,
				B4B9C0CB24FC18C37E94068E /* Embed Foundation Extensions */,
			);
			buildRules = (
			);
			dependencies = (
				9290FC0A3C90EA146FDDEE3D /* PBXTargetDependency */,
			);
			name = ChatGPTUIDemo;
			packageProductDependencies = (
				6DF3639BA3D92E43CD655115 /* ChatGPTUI */,
				B43027D0097DD05184CEA00B /* ChatGPTWidgets */,
			);
			productName = ChatGPTUIDemo;
			productReference = 7066D66604B53ECBDC1CC493 /* ChatGPTUIDemo.app */;
			productType = "com.apple.product-type.application";
		};
/* End PBXNativeTarget section */

/* Begin PBXProject section */
		3D7E1D887F08E6CC954E91C9 /* Project object */ = {
			isa = PBXProject;
			attributes = {
				BuildIndependentTargetsInParallel = YES;
				LastUpgradeCheck = 1430;
				TargetAttributes = {
					829D86334C0F5D554F3C16EA = {
						DevelopmentTeam = "";
					};
					9BA2F0570855905116F60081 = {
						DevelopmentTeam = "";
						TestTargetID = D104016E4780F49AF6BB1B8C;
					};
					D104016E4780F49AF6BB1B8C = {
						DevelopmentTeam = "";
					};
				};
			};
			buildConfigurationList = F537313EFB4DF5C9CFF98C76 /* Build configuration list for PBXProject "ChatGPTUIDemo" */;
			developmentRegion = en;
			hasScannedForEncodings = 0;
			knownRegions = (
				Base,
				en,
			);
			mainGroup = 638FC0DC6C254261267F0E75;
			minimizedProjectReferenceProxies = 1;
			packageReferences = (
				BFB623217758B9B12A1D3E93 /* XCLocalSwiftPackageReference "." */,
			);
			preferredProjectObjectVersion = 77;
			productRefGroup = 3A5F43CBA3D26078B0E6977A /* Products */;
			projectDirPath = "";
			projectRoot = "";
			targets = (
				829D86334C0F5D554F3C16EA /* ChatGPTDemoWidgets */,
				D104016E4780F49AF6BB1B8C /* ChatGPTUIDemo */,
				9BA2F0570855905116F60081 /* ChatGPTUIDemoUITests */,
			);
		};
/* End PBXProject section */

/* Begin PBXResourcesBuildPhase section */
		EAD62AAAFE71879926C74350 /* Resources */ = {
			isa = PBXResourcesBuildPhase;
			buildActionMask = 2147483647;
			files = (
				62644479C4299984263986B1 /* GalleryAssets.xcassets in Resources */,
			);
			runOnlyForDeploymentPostprocessing = 0;
		};
/* End PBXResourcesBuildPhase section */

/* Begin PBXSourcesBuildPhase section */
		6D8175CB378605105ED4A21F /* Sources */ = {
			isa = PBXSourcesBuildPhase;
			buildActionMask = 2147483647;
			files = (
				277913D01B8918C055B5BE59 /* ChatGPTDemoWidgets.swift in Sources */,
			);
			runOnlyForDeploymentPostprocessing = 0;
		};
		8D1517E27CCF71A14D0B89A3 /* Sources */ = {
			isa = PBXSourcesBuildPhase;
			buildActionMask = 2147483647;
			files = (
				FD1BA4B9DD724C1310C64ED7 /* ChatFlowTests.swift in Sources */,
			);
			runOnlyForDeploymentPostprocessing = 0;
		};
		B546EE5A4C34984712E671E7 /* Sources */ = {
			isa = PBXSourcesBuildPhase;
			buildActionMask = 2147483647;
			files = (
				1225911955FF43962CE450E9 /* ChatGPTDemoApp.swift in Sources */,
			);
			runOnlyForDeploymentPostprocessing = 0;
		};
/* End PBXSourcesBuildPhase section */

/* Begin PBXTargetDependency section */
		9290FC0A3C90EA146FDDEE3D /* PBXTargetDependency */ = {
			isa = PBXTargetDependency;
			target = 829D86334C0F5D554F3C16EA /* ChatGPTDemoWidgets */;
			targetProxy = 15E5B635F02AE342FC9B96D1 /* PBXContainerItemProxy */;
		};
		D9E3B50DF3641605380F71C7 /* PBXTargetDependency */ = {
			isa = PBXTargetDependency;
			target = D104016E4780F49AF6BB1B8C /* ChatGPTUIDemo */;
			targetProxy = 1685692C445C024C74E4A9A9 /* PBXContainerItemProxy */;
		};
/* End PBXTargetDependency section */

/* Begin XCBuildConfiguration section */
		0D5E6089031C0523E093FBA9 /* Debug */ = {
			isa = XCBuildConfiguration;
			buildSettings = {
				BUNDLE_LOADER = "$(TEST_HOST)";
				GENERATE_INFOPLIST_FILE = YES;
				LD_RUNPATH_SEARCH_PATHS = (
					"$(inherited)",
					"@executable_path/Frameworks",
					"@loader_path/Frameworks",
				);
				PRODUCT_BUNDLE_IDENTIFIER = org.example.skeleton.ChatGPTUIDemoUITests;
				SDKROOT = iphoneos;
				TARGETED_DEVICE_FAMILY = "1,2";
				TEST_TARGET_NAME = ChatGPTUIDemo;
			};
			name = Debug;
		};
		21DFA6F0B2698371E6ED556F /* Release */ = {
			isa = XCBuildConfiguration;
			buildSettings = {
				BUNDLE_LOADER = "$(TEST_HOST)";
				GENERATE_INFOPLIST_FILE = YES;
				LD_RUNPATH_SEARCH_PATHS = (
					"$(inherited)",
					"@executable_path/Frameworks",
					"@loader_path/Frameworks",
				);
				PRODUCT_BUNDLE_IDENTIFIER = org.example.skeleton.ChatGPTUIDemoUITests;
				SDKROOT = iphoneos;
				TARGETED_DEVICE_FAMILY = "1,2";
				TEST_TARGET_NAME = ChatGPTUIDemo;
			};
			name = Release;
		};
		247BCB12D337BAD2593988BA /* Debug */ = {
			isa = XCBuildConfiguration;
			buildSettings = {
				ALWAYS_SEARCH_USER_PATHS = NO;
				CLANG_ANALYZER_NONNULL = YES;
				CLANG_ANALYZER_NUMBER_OBJECT_CONVERSION = YES_AGGRESSIVE;
				CLANG_CXX_LANGUAGE_STANDARD = "gnu++14";
				CLANG_CXX_LIBRARY = "libc++";
				CLANG_ENABLE_MODULES = YES;
				CLANG_ENABLE_OBJC_ARC = YES;
				CLANG_ENABLE_OBJC_WEAK = YES;
				CLANG_WARN_BLOCK_CAPTURE_AUTORELEASING = YES;
				CLANG_WARN_BOOL_CONVERSION = YES;
				CLANG_WARN_COMMA = YES;
				CLANG_WARN_CONSTANT_CONVERSION = YES;
				CLANG_WARN_DEPRECATED_OBJC_IMPLEMENTATIONS = YES;
				CLANG_WARN_DIRECT_OBJC_ISA_USAGE = YES_ERROR;
				CLANG_WARN_DOCUMENTATION_COMMENTS = YES;
				CLANG_WARN_EMPTY_BODY = YES;
				CLANG_WARN_ENUM_CONVERSION = YES;
				CLANG_WARN_INFINITE_RECURSION = YES;
				CLANG_WARN_INT_CONVERSION = YES;
				CLANG_WARN_NON_LITERAL_NULL_CONVERSION = YES;
				CLANG_WARN_OBJC_IMPLICIT_RETAIN_SELF = YES;
				CLANG_WARN_OBJC_LITERAL_CONVERSION = YES;
				CLANG_WARN_OBJC_ROOT_CLASS = YES_ERROR;
				CLANG_WARN_QUOTED_INCLUDE_IN_FRAMEWORK_HEADER = YES;
				CLANG_WARN_RANGE_LOOP_ANALYSIS = YES;
				CLANG_WARN_STRICT_PROTOTYPES = YES;
				CLANG_WARN_SUSPICIOUS_MOVE = YES;
				CLANG_WARN_UNGUARDED_AVAILABILITY = YES_AGGRESSIVE;
				CLANG_WARN_UNREACHABLE_CODE = YES;
				CLANG_WARN__DUPLICATE_METHOD_MATCH = YES;
				CODE_SIGNING_ALLOWED = NO;
				COPY_PHASE_STRIP = NO;
				CURRENT_PROJECT_VERSION = 1;
				DEBUG_INFORMATION_FORMAT = dwarf;
				DEVELOPMENT_TEAM = "";
				ENABLE_STRICT_OBJC_MSGSEND = YES;
				ENABLE_TESTABILITY = YES;
				GCC_C_LANGUAGE_STANDARD = gnu11;
				GCC_DYNAMIC_NO_PIC = NO;
				GCC_NO_COMMON_BLOCKS = YES;
				GCC_OPTIMIZATION_LEVEL = 0;
				GCC_PREPROCESSOR_DEFINITIONS = (
					"$(inherited)",
					"DEBUG=1",
				);
				GCC_WARN_64_TO_32_BIT_CONVERSION = YES;
				GCC_WARN_ABOUT_RETURN_TYPE = YES_ERROR;
				GCC_WARN_UNDECLARED_SELECTOR = YES;
				GCC_WARN_UNINITIALIZED_AUTOS = YES_AGGRESSIVE;
				GCC_WARN_UNUSED_FUNCTION = YES;
				GCC_WARN_UNUSED_VARIABLE = YES;
				IPHONEOS_DEPLOYMENT_TARGET = 26.0;
				MARKETING_VERSION = 0.1.0;
				MTL_ENABLE_DEBUG_INFO = INCLUDE_SOURCE;
				MTL_FAST_MATH = YES;
				ONLY_ACTIVE_ARCH = YES;
				PRODUCT_NAME = "$(TARGET_NAME)";
				SDKROOT = iphoneos;
				SWIFT_ACTIVE_COMPILATION_CONDITIONS = DEBUG;
				SWIFT_OPTIMIZATION_LEVEL = "-Onone";
				SWIFT_VERSION = 6.0;
			};
			name = Debug;
		};
		420ABF2D34ABB82251EA1F58 /* Debug */ = {
			isa = XCBuildConfiguration;
			buildSettings = {
				ASSETCATALOG_COMPILER_APPICON_NAME = "";
				CODE_SIGN_IDENTITY = "iPhone Developer";
				GENERATE_INFOPLIST_FILE = YES;
				INFOPLIST_FILE = Demo/Info.plist;
				INFOPLIST_KEY_CFBundleDisplayName = "Chat UI Demo";
				INFOPLIST_KEY_UIApplicationSceneManifest_Generation = YES;
				INFOPLIST_KEY_UILaunchScreen_Generation = YES;
				LD_RUNPATH_SEARCH_PATHS = (
					"$(inherited)",
					"@executable_path/Frameworks",
				);
				PRODUCT_BUNDLE_IDENTIFIER = org.example.skeleton.chatgpt;
				SDKROOT = iphoneos;
				TARGETED_DEVICE_FAMILY = "1,2";
			};
			name = Debug;
		};
		5E0D6C60341F2F6FFD2156B7 /* Debug */ = {
			isa = XCBuildConfiguration;
			buildSettings = {
				APPLICATION_EXTENSION_API_ONLY = YES;
				GENERATE_INFOPLIST_FILE = YES;
				INFOPLIST_FILE = WidgetDemo/Info.plist;
				LD_RUNPATH_SEARCH_PATHS = (
					"$(inherited)",
					"@executable_path/Frameworks",
					"@executable_path/../../Frameworks",
				);
				PRODUCT_BUNDLE_IDENTIFIER = org.example.skeleton.chatgpt.widgets;
				SDKROOT = iphoneos;
				SKIP_INSTALL = YES;
				TARGETED_DEVICE_FAMILY = "1,2";
			};
			name = Debug;
		};
		685A0768D47A15EA639DD414 /* Release */ = {
			isa = XCBuildConfiguration;
			buildSettings = {
				ALWAYS_SEARCH_USER_PATHS = NO;
				CLANG_ANALYZER_NONNULL = YES;
				CLANG_ANALYZER_NUMBER_OBJECT_CONVERSION = YES_AGGRESSIVE;
				CLANG_CXX_LANGUAGE_STANDARD = "gnu++14";
				CLANG_CXX_LIBRARY = "libc++";
				CLANG_ENABLE_MODULES = YES;
				CLANG_ENABLE_OBJC_ARC = YES;
				CLANG_ENABLE_OBJC_WEAK = YES;
				CLANG_WARN_BLOCK_CAPTURE_AUTORELEASING = YES;
				CLANG_WARN_BOOL_CONVERSION = YES;
				CLANG_WARN_COMMA = YES;
				CLANG_WARN_CONSTANT_CONVERSION = YES;
				CLANG_WARN_DEPRECATED_OBJC_IMPLEMENTATIONS = YES;
				CLANG_WARN_DIRECT_OBJC_ISA_USAGE = YES_ERROR;
				CLANG_WARN_DOCUMENTATION_COMMENTS = YES;
				CLANG_WARN_EMPTY_BODY = YES;
				CLANG_WARN_ENUM_CONVERSION = YES;
				CLANG_WARN_INFINITE_RECURSION = YES;
				CLANG_WARN_INT_CONVERSION = YES;
				CLANG_WARN_NON_LITERAL_NULL_CONVERSION = YES;
				CLANG_WARN_OBJC_IMPLICIT_RETAIN_SELF = YES;
				CLANG_WARN_OBJC_LITERAL_CONVERSION = YES;
				CLANG_WARN_OBJC_ROOT_CLASS = YES_ERROR;
				CLANG_WARN_QUOTED_INCLUDE_IN_FRAMEWORK_HEADER = YES;
				CLANG_WARN_RANGE_LOOP_ANALYSIS = YES;
				CLANG_WARN_STRICT_PROTOTYPES = YES;
				CLANG_WARN_SUSPICIOUS_MOVE = YES;
				CLANG_WARN_UNGUARDED_AVAILABILITY = YES_AGGRESSIVE;
				CLANG_WARN_UNREACHABLE_CODE = YES;
				CLANG_WARN__DUPLICATE_METHOD_MATCH = YES;
				CODE_SIGNING_ALLOWED = NO;
				COPY_PHASE_STRIP = NO;
				CURRENT_PROJECT_VERSION = 1;
				DEBUG_INFORMATION_FORMAT = "dwarf-with-dsym";
				DEVELOPMENT_TEAM = "";
				ENABLE_NS_ASSERTIONS = NO;
				ENABLE_STRICT_OBJC_MSGSEND = YES;
				GCC_C_LANGUAGE_STANDARD = gnu11;
				GCC_NO_COMMON_BLOCKS = YES;
				GCC_WARN_64_TO_32_BIT_CONVERSION = YES;
				GCC_WARN_ABOUT_RETURN_TYPE = YES_ERROR;
				GCC_WARN_UNDECLARED_SELECTOR = YES;
				GCC_WARN_UNINITIALIZED_AUTOS = YES_AGGRESSIVE;
				GCC_WARN_UNUSED_FUNCTION = YES;
				GCC_WARN_UNUSED_VARIABLE = YES;
				IPHONEOS_DEPLOYMENT_TARGET = 26.0;
				MARKETING_VERSION = 0.1.0;
				MTL_ENABLE_DEBUG_INFO = NO;
				MTL_FAST_MATH = YES;
				PRODUCT_NAME = "$(TARGET_NAME)";
				SDKROOT = iphoneos;
				SWIFT_COMPILATION_MODE = wholemodule;
				SWIFT_OPTIMIZATION_LEVEL = "-O";
				SWIFT_VERSION = 6.0;
			};
			name = Release;
		};
		7D5E35669345C684986ABAE4 /* Release */ = {
			isa = XCBuildConfiguration;
			buildSettings = {
				ASSETCATALOG_COMPILER_APPICON_NAME = "";
				CODE_SIGN_IDENTITY = "iPhone Developer";
				GENERATE_INFOPLIST_FILE = YES;
				INFOPLIST_FILE = Demo/Info.plist;
				INFOPLIST_KEY_CFBundleDisplayName = "Chat UI Demo";
				INFOPLIST_KEY_UIApplicationSceneManifest_Generation = YES;
				INFOPLIST_KEY_UILaunchScreen_Generation = YES;
				LD_RUNPATH_SEARCH_PATHS = (
					"$(inherited)",
					"@executable_path/Frameworks",
				);
				PRODUCT_BUNDLE_IDENTIFIER = org.example.skeleton.chatgpt;
				SDKROOT = iphoneos;
				TARGETED_DEVICE_FAMILY = "1,2";
			};
			name = Release;
		};
		DAAD9024C842A971C5503B22 /* Release */ = {
			isa = XCBuildConfiguration;
			buildSettings = {
				APPLICATION_EXTENSION_API_ONLY = YES;
				GENERATE_INFOPLIST_FILE = YES;
				INFOPLIST_FILE = WidgetDemo/Info.plist;
				LD_RUNPATH_SEARCH_PATHS = (
					"$(inherited)",
					"@executable_path/Frameworks",
					"@executable_path/../../Frameworks",
				);
				PRODUCT_BUNDLE_IDENTIFIER = org.example.skeleton.chatgpt.widgets;
				SDKROOT = iphoneos;
				SKIP_INSTALL = YES;
				TARGETED_DEVICE_FAMILY = "1,2";
			};
			name = Release;
		};
/* End XCBuildConfiguration section */

/* Begin XCConfigurationList section */
		2DFCE294752AF436427F5525 /* Build configuration list for PBXNativeTarget "ChatGPTUIDemoUITests" */ = {
			isa = XCConfigurationList;
			buildConfigurations = (
				0D5E6089031C0523E093FBA9 /* Debug */,
				21DFA6F0B2698371E6ED556F /* Release */,
			);
			defaultConfigurationIsVisible = 0;
			defaultConfigurationName = Debug;
		};
		6EE731474E6E636AC36C3F48 /* Build configuration list for PBXNativeTarget "ChatGPTUIDemo" */ = {
			isa = XCConfigurationList;
			buildConfigurations = (
				420ABF2D34ABB82251EA1F58 /* Debug */,
				7D5E35669345C684986ABAE4 /* Release */,
			);
			defaultConfigurationIsVisible = 0;
			defaultConfigurationName = Debug;
		};
		E5286A640D22BA8F7D2D6E33 /* Build configuration list for PBXNativeTarget "ChatGPTDemoWidgets" */ = {
			isa = XCConfigurationList;
			buildConfigurations = (
				5E0D6C60341F2F6FFD2156B7 /* Debug */,
				DAAD9024C842A971C5503B22 /* Release */,
			);
			defaultConfigurationIsVisible = 0;
			defaultConfigurationName = Debug;
		};
		F537313EFB4DF5C9CFF98C76 /* Build configuration list for PBXProject "ChatGPTUIDemo" */ = {
			isa = XCConfigurationList;
			buildConfigurations = (
				247BCB12D337BAD2593988BA /* Debug */,
				685A0768D47A15EA639DD414 /* Release */,
			);
			defaultConfigurationIsVisible = 0;
			defaultConfigurationName = Debug;
		};
/* End XCConfigurationList section */

/* Begin XCLocalSwiftPackageReference section */
		BFB623217758B9B12A1D3E93 /* XCLocalSwiftPackageReference "." */ = {
			isa = XCLocalSwiftPackageReference;
			relativePath = .;
		};
/* End XCLocalSwiftPackageReference section */

/* Begin XCSwiftPackageProductDependency section */
		5BE1B23B74D713A4B92D6043 /* ChatGPTWidgets */ = {
			isa = XCSwiftPackageProductDependency;
			productName = ChatGPTWidgets;
		};
		6DF3639BA3D92E43CD655115 /* ChatGPTUI */ = {
			isa = XCSwiftPackageProductDependency;
			productName = ChatGPTUI;
		};
		B43027D0097DD05184CEA00B /* ChatGPTWidgets */ = {
			isa = XCSwiftPackageProductDependency;
			productName = ChatGPTWidgets;
		};
/* End XCSwiftPackageProductDependency section */
	};
	rootObject = 3D7E1D887F08E6CC954E91C9 /* Project object */;
}
